<?xml version="1.0" encoding="utf-8"?>
<Project ToolsVersion="4.0" xmlns="http://schemas.microsoft.com/developer/msbuild/2003">
  <ItemGroup>
    <Filter Include="Engine">
      <UniqueIdentifier>{35e03771-c318-473d-9a76-c2ee6b025647}</UniqueIdentifier>
    </Filter>
    <Filter Include="Sample Console Game Window">
      <UniqueIdentifier>{3ba2571a-7b61-4a95-be51-c630c027fd5d}</UniqueIdentifier>
    </Filter>
  </ItemGroup>
  <ItemGroup>
    <ClInclude Include="olcConsoleGameEngine.h">
      <Filter>Engine</Filter>
    </ClInclude>
    <ClInclude Include="ConsoleSetup.h">
      <Filter>Sample Console Game Window</Filter>
    </ClInclude>
    <ClInclude Include="Renderer.h">
      <Filter>Sample Console Game Window</Filter>
    </ClInclude>
    <ClInclude Include="Specs.h">
      <Filter>Sample Console Game Window</Filter>
    </ClInclude>
    <ClInclude Include="Game.h">
      <Filter>Sample Console Game Window</Filter>
    </ClInclude>
  </ItemGroup>
  <ItemGroup>
    <ClCompile Include="main.cpp">
      <Filter>Sample Console Game Window</Filter>
    </ClCompile>
  </ItemGroup>
</Project>